// !$*UTF8*$!
{
	archiveVersion = 1;
	classes = {
	};
	objectVersion = 55;
	objects = {

/* Begin PBXBuildFile section */
		D0FBA214289671F20081711F /* AppDelegate.swift in Sources */ = {isa = PBXBuildFile; fileRef = D0FBA213289671F20081711F /* AppDelegate.swift */; };
		D0FBA216289671F20081711F /* SceneDelegate.swift in Sources */ = {isa = PBXBuildFile; fileRef = D0FBA215289671F20081711F /* SceneDelegate.swift */; };
		D0FBA21D289671F30081711F /* Assets.xcassets in Resources */ = {isa = PBXBuildFile; fileRef = D0FBA21C289671F30081711F /* Assets.xcassets */; };
		D0FBA220289671F30081711F /* LaunchScreen.storyboard in Resources */ = {isa = PBXBuildFile; fileRef = D0FBA21E289671F30081711F /* LaunchScreen.storyboard */; };
		D0FBA229289673840081711F /* Coordinator.swift in Sources */ = {isa = PBXBuildFile; fileRef = D0FBA228289673840081711F /* Coordinator.swift */; };
		D0FBA22B289673B20081711F /* MainCoordinator.swift in Sources */ = {isa = PBXBuildFile; fileRef = D0FBA22A289673B20081711F /* MainCoordinator.swift */; };
		D0FBA22D289674160081711F /* Nibable.swift in Sources */ = {isa = PBXBuildFile; fileRef = D0FBA22C289674160081711F /* Nibable.swift */; };
		D0FBA2302896752B0081711F /* StartViewController.swift in Sources */ = {isa = PBXBuildFile; fileRef = D0FBA22E2896752B0081711F /* StartViewController.swift */; };
		D0FBA2312896752B0081711F /* StartViewController.xib in Resources */ = {isa = PBXBuildFile; fileRef = D0FBA22F2896752B0081711F /* StartViewController.xib */; };
		D0FBA23728967C390081711F /* StartViewModel.swift in Sources */ = {isa = PBXBuildFile; fileRef = D0FBA23628967C390081711F /* StartViewModel.swift */; };
		D0FBA23B289681630081711F /* ViewModel.swift in Sources */ = {isa = PBXBuildFile; fileRef = D0FBA23A289681630081711F /* ViewModel.swift */; };
		D0FBA23D289686730081711F /* ViewModelable.swift in Sources */ = {isa = PBXBuildFile; fileRef = D0FBA23C289686730081711F /* ViewModelable.swift */; };
		D0FBA24B289698B20081711F /* NumbersTableViewController.swift in Sources */ = {isa = PBXBuildFile; fileRef = D0FBA24A289698B20081711F /* NumbersTableViewController.swift */; };
		D0FBA24F2896A3230081711F /* NumberTableViewCell.swift in Sources */ = {isa = PBXBuildFile; fileRef = D0FBA24D2896A3230081711F /* NumberTableViewCell.swift */; };
		D0FBA2502896A3230081711F /* NumberTableViewCell.xib in Resources */ = {isa = PBXBuildFile; fileRef = D0FBA24E2896A3230081711F /* NumberTableViewCell.xib */; };
		D0FBA2522896A4CC0081711F /* NumbersViewModel.swift in Sources */ = {isa = PBXBuildFile; fileRef = D0FBA2512896A4CC0081711F /* NumbersViewModel.swift */; };
		D0FBA2542896A7CA0081711F /* Reusable.swift in Sources */ = {isa = PBXBuildFile; fileRef = D0FBA2532896A7CA0081711F /* Reusable.swift */; };
/* End PBXBuildFile section */

/* Begin PBXFileReference section */
		D0FBA210289671F20081711F /* MVVM Demo Application.app */ = {isa = PBXFileReference; explicitFileType = wrapper.application; includeInIndex = 0; path = "MVVM Demo Application.app"; sourceTree = BUILT_PRODUCTS_DIR; };
		D0FBA213289671F20081711F /* AppDelegate.swift */ = {isa = PBXFileReference; lastKnownFileType = sourcecode.swift; path = AppDelegate.swift; sourceTree = "<group>"; };
		D0FBA215289671F20081711F /* SceneDelegate.swift */ = {isa = PBXFileReference; lastKnownFileType = sourcecode.swift; path = SceneDelegate.swift; sourceTree = "<group>"; };
		D0FBA21C289671F30081711F /* Assets.xcassets */ = {isa = PBXFileReference; lastKnownFileType = folder.assetcatalog; path = Assets.xcassets; sourceTree = "<group>"; };
		D0FBA21F289671F30081711F /* Base */ = {isa = PBXFileReference; lastKnownFileType = file.storyboard; name = Base; path = Base.lproj/LaunchScreen.storyboard; sourceTree = "<group>"; };
		D0FBA221289671F30081711F /* Info.plist */ = {isa = PBXFileReference; lastKnownFileType = text.plist.xml; path = Info.plist; sourceTree = "<group>"; };
		D0FBA228289673840081711F /* Coordinator.swift */ = {isa = PBXFileReference; lastKnownFileType = sourcecode.swift; path = Coordinator.swift; sourceTree = "<group>"; };
		D0FBA22A289673B20081711F /* MainCoordinator.swift */ = {isa = PBXFileReference; lastKnownFileType = sourcecode.swift; path = MainCoordinator.swift; sourceTree = "<group>"; };
		D0FBA22C289674160081711F /* Nibable.swift */ = {isa = PBXFileReference; lastKnownFileType = sourcecode.swift; path = Nibable.swift; sourceTree = "<group>"; };
		D0FBA22E2896752B0081711F /* StartViewController.swift */ = {isa = PBXFileReference; lastKnownFileType = sourcecode.swift; path = StartViewController.swift; sourceTree = "<group>"; };
		D0FBA22F2896752B0081711F /* StartViewController.xib */ = {isa = PBXFileReference; lastKnownFileType = file.xib; path = StartViewController.xib; sourceTree = "<group>"; };
		D0FBA23628967C390081711F /* StartViewModel.swift */ = {isa = PBXFileReference; lastKnownFileType = sourcecode.swift; path = StartViewModel.swift; sourceTree = "<group>"; };
		D0FBA23A289681630081711F /* ViewModel.swift */ = {isa = PBXFileReference; lastKnownFileType = sourcecode.swift; path = ViewModel.swift; sourceTree = "<group>"; };
		D0FBA23C289686730081711F /* ViewModelable.swift */ = {isa = PBXFileReference; lastKnownFileType = sourcecode.swift; path = ViewModelable.swift; sourceTree = "<group>"; };
		D0FBA24A289698B20081711F /* NumbersTableViewController.swift */ = {isa = PBXFileReference; lastKnownFileType = sourcecode.swift; path = NumbersTableViewController.swift; sourceTree = "<group>"; };
		D0FBA24D2896A3230081711F /* NumberTableViewCell.swift */ = {isa = PBXFileReference; lastKnownFileType = sourcecode.swift; path = NumberTableViewCell.swift; sourceTree = "<group>"; };
		D0FBA24E2896A3230081711F /* NumberTableViewCell.xib */ = {isa = PBXFileReference; lastKnownFileType = file.xib; path = NumberTableViewCell.xib; sourceTree = "<group>"; };
		D0FBA2512896A4CC0081711F /* NumbersViewModel.swift */ = {isa = PBXFileReference; lastKnownFileType = sourcecode.swift; path = NumbersViewModel.swift; sourceTree = "<group>"; };
		D0FBA2532896A7CA0081711F /* Reusable.swift */ = {isa = PBXFileReference; lastKnownFileType = sourcecode.swift; path = Reusable.swift; sourceTree = "<group>"; };
/* End PBXFileReference section */

/* Begin PBXFrameworksBuildPhase section */
		D0FBA20D289671F20081711F /* Frameworks */ = {
			isa = PBXFrameworksBuildPhase;
			buildActionMask = 2147483647;
			files = (
			);
			runOnlyForDeploymentPostprocessing = 0;
		};
/* End PBXFrameworksBuildPhase section */

/* Begin PBXGroup section */
		D0FBA207289671F20081711F = {
			isa = PBXGroup;
			children = (
				D0FBA212289671F20081711F /* MVVM Demo Application */,
				D0FBA211289671F20081711F /* Products */,
			);
			sourceTree = "<group>";
		};
		D0FBA211289671F20081711F /* Products */ = {
			isa = PBXGroup;
			children = (
				D0FBA210289671F20081711F /* MVVM Demo Application.app */,
			);
			name = Products;
			sourceTree = "<group>";
		};
		D0FBA212289671F20081711F /* MVVM Demo Application */ = {
			isa = PBXGroup;
			children = (
				D0FBA213289671F20081711F /* AppDelegate.swift */,
				D0FBA215289671F20081711F /* SceneDelegate.swift */,
				D0FBA23E28968AC20081711F /* Protocols */,
				D0FBA227289673550081711F /* Coordinators */,
				D0FBA232289675460081711F /* Modules */,
				D0FBA21C289671F30081711F /* Assets.xcassets */,
				D0FBA21E289671F30081711F /* LaunchScreen.storyboard */,
				D0FBA221289671F30081711F /* Info.plist */,
			);
			path = "MVVM Demo Application";
			sourceTree = "<group>";
		};
		D0FBA227289673550081711F /* Coordinators */ = {
			isa = PBXGroup;
			children = (
				D0FBA228289673840081711F /* Coordinator.swift */,
				D0FBA22A289673B20081711F /* MainCoordinator.swift */,
			);
			path = Coordinators;
			sourceTree = "<group>";
		};
		D0FBA232289675460081711F /* Modules */ = {
			isa = PBXGroup;
			children = (
				D0FBA2332896755B0081711F /* Start */,
				D0FBA23F289690490081711F /* Numbers */,
			);
			path = Modules;
			sourceTree = "<group>";
		};
		D0FBA2332896755B0081711F /* Start */ = {
			isa = PBXGroup;
			children = (
				D0FBA2342896756F0081711F /* ViewControllers */,
				D0FBA23528967C240081711F /* ViewModels */,
			);
			path = Start;
			sourceTree = "<group>";
		};
		D0FBA2342896756F0081711F /* ViewControllers */ = {
			isa = PBXGroup;
			children = (
				D0FBA22E2896752B0081711F /* StartViewController.swift */,
				D0FBA22F2896752B0081711F /* StartViewController.xib */,
			);
			path = ViewControllers;
			sourceTree = "<group>";
		};
		D0FBA23528967C240081711F /* ViewModels */ = {
			isa = PBXGroup;
			children = (
				D0FBA23628967C390081711F /* StartViewModel.swift */,
			);
			path = ViewModels;
			sourceTree = "<group>";
		};
		D0FBA23E28968AC20081711F /* Protocols */ = {
			isa = PBXGroup;
			children = (
				D0FBA23C289686730081711F /* ViewModelable.swift */,
				D0FBA23A289681630081711F /* ViewModel.swift */,
				D0FBA22C289674160081711F /* Nibable.swift */,
				D0FBA2532896A7CA0081711F /* Reusable.swift */,
			);
			path = Protocols;
			sourceTree = "<group>";
		};
		D0FBA23F289690490081711F /* Numbers */ = {
			isa = PBXGroup;
			children = (
				D0FBA2402896905A0081711F /* ViewControllers */,
				D0FBA241289690640081711F /* ViewModels */,
				D0FBA24C28969A690081711F /* Views */,
			);
			path = Numbers;
			sourceTree = "<group>";
		};
		D0FBA2402896905A0081711F /* ViewControllers */ = {
			isa = PBXGroup;
			children = (
				D0FBA24A289698B20081711F /* NumbersTableViewController.swift */,
			);
			path = ViewControllers;
			sourceTree = "<group>";
		};
		D0FBA241289690640081711F /* ViewModels */ = {
			isa = PBXGroup;
			children = (
				D0FBA2512896A4CC0081711F /* NumbersViewModel.swift */,
			);
			path = ViewModels;
			sourceTree = "<group>";
		};
		D0FBA24C28969A690081711F /* Views */ = {
			isa = PBXGroup;
			children = (
				D0FBA24D2896A3230081711F /* NumberTableViewCell.swift */,
				D0FBA24E2896A3230081711F /* NumberTableViewCell.xib */,
			);
			path = Views;
			sourceTree = "<group>";
		};
/* End PBXGroup section */

/* Begin PBXNativeTarget section */
		D0FBA20F289671F20081711F /* MVVM Demo Application */ = {
			isa = PBXNativeTarget;
			buildConfigurationList = D0FBA224289671F30081711F /* Build configuration list for PBXNativeTarget "MVVM Demo Application" */;
			buildPhases = (
				D0FBA20C289671F20081711F /* Sources */,
				D0FBA20D289671F20081711F /* Frameworks */,
				D0FBA20E289671F20081711F /* Resources */,
			);
			buildRules = (
			);
			dependencies = (
			);
			name = "MVVM Demo Application";
			productName = "MVVM Demo Application";
			productReference = D0FBA210289671F20081711F /* MVVM Demo Application.app */;
			productType = "com.apple.product-type.application";
		};
/* End PBXNativeTarget section */

/* Begin PBXProject section */
		D0FBA208289671F20081711F /* Project object */ = {
			isa = PBXProject;
			attributes = {
				BuildIndependentTargetsInParallel = 1;
				LastSwiftUpdateCheck = 1340;
				LastUpgradeCheck = 1340;
				TargetAttributes = {
					D0FBA20F289671F20081711F = {
						CreatedOnToolsVersion = 13.4.1;
					};
				};
			};
			buildConfigurationList = D0FBA20B289671F20081711F /* Build configuration list for PBXProject "MVVM Demo Application" */;
			compatibilityVersion = "Xcode 13.0";
			developmentRegion = en;
			hasScannedForEncodings = 0;
			knownRegions = (
				en,
				Base,
			);
			mainGroup = D0FBA207289671F20081711F;
			productRefGroup = D0FBA211289671F20081711F /* Products */;
			projectDirPath = "";
			projectRoot = "";
			targets = (
				D0FBA20F289671F20081711F /* MVVM Demo Application */,
			);
		};
/* End PBXProject section */

/* Begin PBXResourcesBuildPhase section */
		D0FBA20E289671F20081711F /* Resources */ = {
			isa = PBXResourcesBuildPhase;
			buildActionMask = 2147483647;
			files = (
				D0FBA2502896A3230081711F /* NumberTableViewCell.xib in Resources */,
				D0FBA220289671F30081711F /* LaunchScreen.storyboard in Resources */,
				D0FBA21D289671F30081711F /* Assets.xcassets in Resources */,
				D0FBA2312896752B0081711F /* StartViewController.xib in Resources */,
			);
			runOnlyForDeploymentPostprocessing = 0;
		};
/* End PBXResourcesBuildPhase section */

/* Begin PBXSourcesBuildPhase section */
		D0FBA20C289671F20081711F /* Sources */ = {
			isa = PBXSourcesBuildPhase;
			buildActionMask = 2147483647;
			files = (
				D0FBA23728967C390081711F /* StartViewModel.swift in Sources */,
				D0FBA229289673840081711F /* Coordinator.swift in Sources */,
				D0FBA24B289698B20081711F /* NumbersTableViewController.swift in Sources */,
				D0FBA214289671F20081711F /* AppDelegate.swift in Sources */,
				D0FBA23D289686730081711F /* ViewModelable.swift in Sources */,
				D0FBA22D289674160081711F /* Nibable.swift in Sources */,
				D0FBA2542896A7CA0081711F /* Reusable.swift in Sources */,
				D0FBA22B289673B20081711F /* MainCoordinator.swift in Sources */,
				D0FBA216289671F20081711F /* SceneDelegate.swift in Sources */,
				D0FBA23B289681630081711F /* ViewModel.swift in Sources */,
				D0FBA2522896A4CC0081711F /* NumbersViewModel.swift in Sources */,
				D0FBA24F2896A3230081711F /* NumberTableViewCell.swift in Sources */,
				D0FBA2302896752B0081711F /* StartViewController.swift in Sources */,
			);
			runOnlyForDeploymentPostprocessing = 0;
		};
/* End PBXSourcesBuildPhase section */

/* Begin PBXVariantGroup section */
		D0FBA21E289671F30081711F /* LaunchScreen.storyboard */ = {
			isa = PBXVariantGroup;
			children = (
				D0FBA21F289671F30081711F /* Base */,
			);
			name = LaunchScreen.storyboard;
			sourceTree = "<group>";
		};
/* End PBXVariantGroup section */

/* Begin XCBuildConfiguration section */
		D0FBA222289671F30081711F /* Debug */ = {
			isa = XCBuildConfiguration;
			buildSettings = {
				ALWAYS_SEARCH_USER_PATHS = NO;
				CLANG_ANALYZER_NONNULL = YES;
				CLANG_ANALYZER_NUMBER_OBJECT_CONVERSION = YES_AGGRESSIVE;
				CLANG_CXX_LANGUAGE_STANDARD = "gnu++17";
				CLANG_ENABLE_MODULES = YES;
				CLANG_ENABLE_OBJC_ARC = YES;
				CLANG_ENABLE_OBJC_WEAK = YES;
				CLANG_WARN_BLOCK_CAPTURE_AUTORELEASING = YES;
				CLANG_WARN_BOOL_CONVERSION = YES;
				CLANG_WARN_COMMA = YES;
				CLANG_WARN_CONSTANT_CONVERSION = YES;
				CLANG_WARN_DEPRECATED_OBJC_IMPLEMENTATIONS = YES;
				CLANG_WARN_DIRECT_OBJC_ISA_USAGE = YES_ERROR;
				CLANG_WARN_DOCUMENTATION_COMMENTS = YES;
				CLANG_WARN_EMPTY_BODY = YES;
				CLANG_WARN_ENUM_CONVERSION = YES;
				CLANG_WARN_INFINITE_RECURSION = YES;
				CLANG_WARN_INT_CONVERSION = YES;
				CLANG_WARN_NON_LITERAL_NULL_CONVERSION = YES;
				CLANG_WARN_OBJC_IMPLICIT_RETAIN_SELF = YES;
				CLANG_WARN_OBJC_LITERAL_CONVERSION = YES;
				CLANG_WARN_OBJC_ROOT_CLASS = YES_ERROR;
				CLANG_WARN_QUOTED_INCLUDE_IN_FRAMEWORK_HEADER = YES;
				CLANG_WARN_RANGE_LOOP_ANALYSIS = YES;
				CLANG_WARN_STRICT_PROTOTYPES = YES;
				CLANG_WARN_SUSPICIOUS_MOVE = YES;
				CLANG_WARN_UNGUARDED_AVAILABILITY = YES_AGGRESSIVE;
				CLANG_WARN_UNREACHABLE_CODE = YES;
				CLANG_WARN__DUPLICATE_METHOD_MATCH = YES;
				COPY_PHASE_STRIP = NO;
				DEBUG_INFORMATION_FORMAT = dwarf;
				ENABLE_STRICT_OBJC_MSGSEND = YES;
				ENABLE_TESTABILITY = YES;
				GCC_C_LANGUAGE_STANDARD = gnu11;
				GCC_DYNAMIC_NO_PIC = NO;
				GCC_NO_COMMON_BLOCKS = YES;
				GCC_OPTIMIZATION_LEVEL = 0;
				GCC_PREPROCESSOR_DEFINITIONS = (
					"DEBUG=1",
					"$(inherited)",
				);
				GCC_WARN_64_TO_32_BIT_CONVERSION = YES;
				GCC_WARN_ABOUT_RETURN_TYPE = YES_ERROR;
				GCC_WARN_UNDECLARED_SELECTOR = YES;
				GCC_WARN_UNINITIALIZED_AUTOS = YES_AGGRESSIVE;
				GCC_WARN_UNUSED_FUNCTION = YES;
				GCC_WARN_UNUSED_VARIABLE = YES;
				IPHONEOS_DEPLOYMENT_TARGET = 15.5;
				MTL_ENABLE_DEBUG_INFO = INCLUDE_SOURCE;
				MTL_FAST_MATH = YES;
				ONLY_ACTIVE_ARCH = YES;
				SDKROOT = iphoneos;
				SWIFT_ACTIVE_COMPILATION_CONDITIONS = DEBUG;
				SWIFT_OPTIMIZATION_LEVEL = "-Onone";
			};
			name = Debug;
		};
		D0FBA223289671F30081711F /* Release */ = {
			isa = XCBuildConfiguration;
			buildSettings = {
				ALWAYS_SEARCH_USER_PATHS = NO;
				CLANG_ANALYZER_NONNULL = YES;
				CLANG_ANALYZER_NUMBER_OBJECT_CONVERSION = YES_AGGRESSIVE;
				CLANG_CXX_LANGUAGE_STANDARD = "gnu++17";
				CLANG_ENABLE_MODULES = YES;
				CLANG_ENABLE_OBJC_ARC = YES;
				CLANG_ENABLE_OBJC_WEAK = YES;
				CLANG_WARN_BLOCK_CAPTURE_AUTORELEASING = YES;
				CLANG_WARN_BOOL_CONVERSION = YES;
				CLANG_WARN_COMMA = YES;
				CLANG_WARN_CONSTANT_CONVERSION = YES;
				CLANG_WARN_DEPRECATED_OBJC_IMPLEMENTATIONS = YES;
				CLANG_WARN_DIRECT_OBJC_ISA_USAGE = YES_ERROR;
				CLANG_WARN_DOCUMENTATION_COMMENTS = YES;
				CLANG_WARN_EMPTY_BODY = YES;
				CLANG_WARN_ENUM_CONVERSION = YES;
				CLANG_WARN_INFINITE_RECURSION = YES;
				CLANG_WARN_INT_CONVERSION = YES;
				CLANG_WARN_NON_LITERAL_NULL_CONVERSION = YES;
				CLANG_WARN_OBJC_IMPLICIT_RETAIN_SELF = YES;
				CLANG_WARN_OBJC_LITERAL_CONVERSION = YES;
				CLANG_WARN_OBJC_ROOT_CLASS = YES_ERROR;
				CLANG_WARN_QUOTED_INCLUDE_IN_FRAMEWORK_HEADER = YES;
				CLANG_WARN_RANGE_LOOP_ANALYSIS = YES;
				CLANG_WARN_STRICT_PROTOTYPES = YES;
				CLANG_WARN_SUSPICIOUS_MOVE = YES;
				CLANG_WARN_UNGUARDED_AVAILABILITY = YES_AGGRESSIVE;
				CLANG_WARN_UNREACHABLE_CODE = YES;
				CLANG_WARN__DUPLICATE_METHOD_MATCH = YES;
				COPY_PHASE_STRIP = NO;
				DEBUG_INFORMATION_FORMAT = "dwarf-with-dsym";
				ENABLE_NS_ASSERTIONS = NO;
				ENABLE_STRICT_OBJC_MSGSEND = YES;
				GCC_C_LANGUAGE_STANDARD = gnu11;
				GCC_NO_COMMON_BLOCKS = YES;
				GCC_WARN_64_TO_32_BIT_CONVERSION = YES;
				GCC_WARN_ABOUT_RETURN_TYPE = YES_ERROR;
				GCC_WARN_UNDECLARED_SELECTOR = YES;
				GCC_WARN_UNINITIALIZED_AUTOS = YES_AGGRESSIVE;
				GCC_WARN_UNUSED_FUNCTION = YES;
				GCC_WARN_UNUSED_VARIABLE = YES;
				IPHONEOS_DEPLOYMENT_TARGET = 15.5;
				MTL_ENABLE_DEBUG_INFO = NO;
				MTL_FAST_MATH = YES;
				SDKROOT = iphoneos;
				SWIFT_COMPILATION_MODE = wholemodule;
				SWIFT_OPTIMIZATION_LEVEL = "-O";
				VALIDATE_PRODUCT = YES;
			};
			name = Release;
		};
		D0FBA225289671F30081711F /* Debug */ = {
			isa = XCBuildConfiguration;
			buildSettings = {
				ASSETCATALOG_COMPILER_APPICON_NAME = AppIcon;
				ASSETCATALOG_COMPILER_GLOBAL_ACCENT_COLOR_NAME = AccentColor;
				CODE_SIGN_STYLE = Automatic;
				CURRENT_PROJECT_VERSION = 1;
				DEVELOPMENT_TEAM = DN5L59JK5M;
				GENERATE_INFOPLIST_FILE = YES;
				INFOPLIST_FILE = "MVVM Demo Application/Info.plist";
				INFOPLIST_KEY_UIApplicationSupportsIndirectInputEvents = YES;
				INFOPLIST_KEY_UILaunchStoryboardName = LaunchScreen;
				INFOPLIST_KEY_UISupportedInterfaceOrientations_iPad = "UIInterfaceOrientationPortrait UIInterfaceOrientationPortraitUpsideDown UIInterfaceOrientationLandscapeLeft UIInterfaceOrientationLandscapeRight";
				INFOPLIST_KEY_UISupportedInterfaceOrientations_iPhone = "UIInterfaceOrientationPortrait UIInterfaceOrientationLandscapeLeft UIInterfaceOrientationLandscapeRight";
				LD_RUNPATH_SEARCH_PATHS = (
					"$(inherited)",
					"@executable_path/Frameworks",
				);
				MARKETING_VERSION = 1.0;
				PRODUCT_BUNDLE_IDENTIFIER = "com.asaf.MVVM-Demo-Application";
				PRODUCT_NAME = "$(TARGET_NAME)";
				SWIFT_EMIT_LOC_STRINGS = YES;
				SWIFT_VERSION = 5.0;
				TARGETED_DEVICE_FAMILY = "1,2";
			};
			name = Debug;
		};
		D0FBA226289671F30081711F /* Release */ = {
			isa = XCBuildConfiguration;
			buildSettings = {
				ASSETCATALOG_COMPILER_APPICON_NAME = AppIcon;
				ASSETCATALOG_COMPILER_GLOBAL_ACCENT_COLOR_NAME = AccentColor;
				CODE_SIGN_STYLE = Automatic;
				CURRENT_PROJECT_VERSION = 1;
				DEVELOPMENT_TEAM = DN5L59JK5M;
				GENERATE_INFOPLIST_FILE = YES;
				INFOPLIST_FILE = "MVVM Demo Application/Info.plist";
				INFOPLIST_KEY_UIApplicationSupportsIndirectInputEvents = YES;
				INFOPLIST_KEY_UILaunchStoryboardName = LaunchScreen;
				INFOPLIST_KEY_UISupportedInterfaceOrientations_iPad = "UIInterfaceOrientationPortrait UIInterfaceOrientationPortraitUpsideDown UIInterfaceOrientationLandscapeLeft UIInterfaceOrientationLandscapeRight";
				INFOPLIST_KEY_UISupportedInterfaceOrientations_iPhone = "UIInterfaceOrientationPortrait UIInterfaceOrientationLandscapeLeft UIInterfaceOrientationLandscapeRight";
				LD_RUNPATH_SEARCH_PATHS = (
					"$(inherited)",
					"@executable_path/Frameworks",
				);
				MARKETING_VERSION = 1.0;
				PRODUCT_BUNDLE_IDENTIFIER = "com.asaf.MVVM-Demo-Application";
				PRODUCT_NAME = "$(TARGET_NAME)";
				SWIFT_EMIT_LOC_STRINGS = YES;
				SWIFT_VERSION = 5.0;
				TARGETED_DEVICE_FAMILY = "1,2";
			};
			name = Release;
		};
/* End XCBuildConfiguration section */

/* Begin XCConfigurationList section */
		D0FBA20B289671F20081711F /* Build configuration list for PBXProject "MVVM Demo Application" */ = {
			isa = XCConfigurationList;
			buildConfigurations = (
				D0FBA222289671F30081711F /* Debug */,
				D0FBA223289671F30081711F /* Release */,
			);
			defaultConfigurationIsVisible = 0;
			defaultConfigurationName = Release;
		};
		D0FBA224289671F30081711F /* Build configuration list for PBXNativeTarget "MVVM Demo Application" */ = {
			isa = XCConfigurationList;
			buildConfigurations = (
				D0FBA225289671F30081711F /* Debug */,
				D0FBA226289671F30081711F /* Release */,
			);
			defaultConfigurationIsVisible = 0;
			defaultConfigurationName = Release;
		};
/* End XCConfigurationList section */
	};
	rootObject = D0FBA208289671F20081711F /* Project object */;
}
