// !$*UTF8*$!
{
	archiveVersion = 1;
	classes = {
	};
	objectVersion = 55;
	objects = {

/* Begin PBXBuildFile section */
		CBCE08BC467A6F45EF28B95B /* Pods_MVVM_Demo_Application.framework in Frameworks */ = {isa = PBXBuildFile; fileRef = 221443E0C03A2475FDA28858 /* Pods_MVVM_Demo_Application.framework */; };
		D02C5508289FAA1900647B7E /* ImageCollectionViewCell.swift in Sources */ = {isa = PBXBuildFile; fileRef = D02C5506289FAA1900647B7E /* ImageCollectionViewCell.swift */; };
		D02C5509289FAA1900647B7E /* ImageCollectionViewCell.xib in Resources */ = {isa = PBXBuildFile; fileRef = D02C5507289FAA1900647B7E /* ImageCollectionViewCell.xib */; };
		D02C550C289FAA3500647B7E /* ImageModel.swift in Sources */ = {isa = PBXBuildFile; fileRef = D02C550B289FAA3500647B7E /* ImageModel.swift */; };
		D02C550E289FAA5100647B7E /* ImagesViewModel.swift in Sources */ = {isa = PBXBuildFile; fileRef = D02C550D289FAA5100647B7E /* ImagesViewModel.swift */; };
		D02C5510289FAA5400647B7E /* ImagesCollectionViewController.swift in Sources */ = {isa = PBXBuildFile; fileRef = D02C550F289FAA5400647B7E /* ImagesCollectionViewController.swift */; };
		D02CB6F128A1067F00CD77BE /* Service.swift in Sources */ = {isa = PBXBuildFile; fileRef = D02CB6F028A1067F00CD77BE /* Service.swift */; };
		D02CB6F728A1071F00CD77BE /* CityModel.swift in Sources */ = {isa = PBXBuildFile; fileRef = D02CB6F628A1071F00CD77BE /* CityModel.swift */; };
		D02CB6FD28A1079C00CD77BE /* CitiesService.swift in Sources */ = {isa = PBXBuildFile; fileRef = D02CB6FC28A1079C00CD77BE /* CitiesService.swift */; };
		D041C89C289FDF850020D728 /* Model.swift in Sources */ = {isa = PBXBuildFile; fileRef = D041C89B289FDF850020D728 /* Model.swift */; };
		D041C8A2289FE6340020D728 /* ListType.swift in Sources */ = {isa = PBXBuildFile; fileRef = D041C8A1289FE6340020D728 /* ListType.swift */; };
		D0B1ECDE2897EBA9003156D6 /* PressAnimationButton.swift in Sources */ = {isa = PBXBuildFile; fileRef = D0B1ECDD2897EBA9003156D6 /* PressAnimationButton.swift */; };
		D0B620AC289EFB25005F7E24 /* UIColorExtension.swift in Sources */ = {isa = PBXBuildFile; fileRef = D0B620AB289EFB25005F7E24 /* UIColorExtension.swift */; };
		D0FBA214289671F20081711F /* AppDelegate.swift in Sources */ = {isa = PBXBuildFile; fileRef = D0FBA213289671F20081711F /* AppDelegate.swift */; };
		D0FBA216289671F20081711F /* SceneDelegate.swift in Sources */ = {isa = PBXBuildFile; fileRef = D0FBA215289671F20081711F /* SceneDelegate.swift */; };
		D0FBA21D289671F30081711F /* Assets.xcassets in Resources */ = {isa = PBXBuildFile; fileRef = D0FBA21C289671F30081711F /* Assets.xcassets */; };
		D0FBA220289671F30081711F /* LaunchScreen.storyboard in Resources */ = {isa = PBXBuildFile; fileRef = D0FBA21E289671F30081711F /* LaunchScreen.storyboard */; };
		D0FBA229289673840081711F /* Coordinator.swift in Sources */ = {isa = PBXBuildFile; fileRef = D0FBA228289673840081711F /* Coordinator.swift */; };
		D0FBA22B289673B20081711F /* MainCoordinator.swift in Sources */ = {isa = PBXBuildFile; fileRef = D0FBA22A289673B20081711F /* MainCoordinator.swift */; };
		D0FBA22D289674160081711F /* Nibable.swift in Sources */ = {isa = PBXBuildFile; fileRef = D0FBA22C289674160081711F /* Nibable.swift */; };
		D0FBA2302896752B0081711F /* StartViewController.swift in Sources */ = {isa = PBXBuildFile; fileRef = D0FBA22E2896752B0081711F /* StartViewController.swift */; };
		D0FBA2312896752B0081711F /* StartViewController.xib in Resources */ = {isa = PBXBuildFile; fileRef = D0FBA22F2896752B0081711F /* StartViewController.xib */; };
		D0FBA23728967C390081711F /* StartViewModel.swift in Sources */ = {isa = PBXBuildFile; fileRef = D0FBA23628967C390081711F /* StartViewModel.swift */; };
		D0FBA23B289681630081711F /* ViewModel.swift in Sources */ = {isa = PBXBuildFile; fileRef = D0FBA23A289681630081711F /* ViewModel.swift */; };
		D0FBA23D289686730081711F /* ViewModelable.swift in Sources */ = {isa = PBXBuildFile; fileRef = D0FBA23C289686730081711F /* ViewModelable.swift */; };
		D0FBA24B289698B20081711F /* ListTableViewController.swift in Sources */ = {isa = PBXBuildFile; fileRef = D0FBA24A289698B20081711F /* ListTableViewController.swift */; };
		D0FBA24F2896A3230081711F /* LabelTableViewCell.swift in Sources */ = {isa = PBXBuildFile; fileRef = D0FBA24D2896A3230081711F /* LabelTableViewCell.swift */; };
		D0FBA2502896A3230081711F /* LabelTableViewCell.xib in Resources */ = {isa = PBXBuildFile; fileRef = D0FBA24E2896A3230081711F /* LabelTableViewCell.xib */; };
		D0FBA2522896A4CC0081711F /* ListViewModel.swift in Sources */ = {isa = PBXBuildFile; fileRef = D0FBA2512896A4CC0081711F /* ListViewModel.swift */; };
		D0FBA2542896A7CA0081711F /* Reusable.swift in Sources */ = {isa = PBXBuildFile; fileRef = D0FBA2532896A7CA0081711F /* Reusable.swift */; };
		D0FBA2582896B2AE0081711F /* NumberModel.swift in Sources */ = {isa = PBXBuildFile; fileRef = D0FBA2572896B2AE0081711F /* NumberModel.swift */; };
		D0FBA25B2896B8DE0081711F /* TextSubmitHeaderFooterView.swift in Sources */ = {isa = PBXBuildFile; fileRef = D0FBA25A2896B8DE0081711F /* TextSubmitHeaderFooterView.swift */; };
		D0FBA25D2896B90E0081711F /* TextSubmitHeaderFooterView.xib in Resources */ = {isa = PBXBuildFile; fileRef = D0FBA25C2896B90E0081711F /* TextSubmitHeaderFooterView.xib */; };
/* End PBXBuildFile section */

/* Begin PBXFileReference section */
		221443E0C03A2475FDA28858 /* Pods_MVVM_Demo_Application.framework */ = {isa = PBXFileReference; explicitFileType = wrapper.framework; includeInIndex = 0; path = Pods_MVVM_Demo_Application.framework; sourceTree = BUILT_PRODUCTS_DIR; };
		5DD7BBB6304B8F2305EA2422 /* Pods-MVVM Demo Application.release.xcconfig */ = {isa = PBXFileReference; includeInIndex = 1; lastKnownFileType = text.xcconfig; name = "Pods-MVVM Demo Application.release.xcconfig"; path = "Target Support Files/Pods-MVVM Demo Application/Pods-MVVM Demo Application.release.xcconfig"; sourceTree = "<group>"; };
		C0D252630386BEAD44828237 /* Pods-MVVM Demo Application.debug.xcconfig */ = {isa = PBXFileReference; includeInIndex = 1; lastKnownFileType = text.xcconfig; name = "Pods-MVVM Demo Application.debug.xcconfig"; path = "Target Support Files/Pods-MVVM Demo Application/Pods-MVVM Demo Application.debug.xcconfig"; sourceTree = "<group>"; };
		D02C5506289FAA1900647B7E /* ImageCollectionViewCell.swift */ = {isa = PBXFileReference; fileEncoding = 4; lastKnownFileType = sourcecode.swift; path = ImageCollectionViewCell.swift; sourceTree = "<group>"; };
		D02C5507289FAA1900647B7E /* ImageCollectionViewCell.xib */ = {isa = PBXFileReference; fileEncoding = 4; lastKnownFileType = file.xib; path = ImageCollectionViewCell.xib; sourceTree = "<group>"; };
		D02C550B289FAA3500647B7E /* ImageModel.swift */ = {isa = PBXFileReference; fileEncoding = 4; lastKnownFileType = sourcecode.swift; path = ImageModel.swift; sourceTree = "<group>"; };
		D02C550D289FAA5100647B7E /* ImagesViewModel.swift */ = {isa = PBXFileReference; lastKnownFileType = sourcecode.swift; path = ImagesViewModel.swift; sourceTree = "<group>"; };
		D02C550F289FAA5400647B7E /* ImagesCollectionViewController.swift */ = {isa = PBXFileReference; lastKnownFileType = sourcecode.swift; path = ImagesCollectionViewController.swift; sourceTree = "<group>"; };
		D02CB6F028A1067F00CD77BE /* Service.swift */ = {isa = PBXFileReference; lastKnownFileType = sourcecode.swift; path = Service.swift; sourceTree = "<group>"; };
		D02CB6F628A1071F00CD77BE /* CityModel.swift */ = {isa = PBXFileReference; lastKnownFileType = sourcecode.swift; path = CityModel.swift; sourceTree = "<group>"; };
		D02CB6FC28A1079C00CD77BE /* CitiesService.swift */ = {isa = PBXFileReference; lastKnownFileType = sourcecode.swift; path = CitiesService.swift; sourceTree = "<group>"; };
		D041C89B289FDF850020D728 /* Model.swift */ = {isa = PBXFileReference; lastKnownFileType = sourcecode.swift; path = Model.swift; sourceTree = "<group>"; };
		D041C8A1289FE6340020D728 /* ListType.swift */ = {isa = PBXFileReference; lastKnownFileType = sourcecode.swift; path = ListType.swift; sourceTree = "<group>"; };
		D0B1ECDD2897EBA9003156D6 /* PressAnimationButton.swift */ = {isa = PBXFileReference; lastKnownFileType = sourcecode.swift; path = PressAnimationButton.swift; sourceTree = "<group>"; };
		D0B620AB289EFB25005F7E24 /* UIColorExtension.swift */ = {isa = PBXFileReference; lastKnownFileType = sourcecode.swift; path = UIColorExtension.swift; sourceTree = "<group>"; };
		D0FBA210289671F20081711F /* MVVM Demo Application.app */ = {isa = PBXFileReference; explicitFileType = wrapper.application; includeInIndex = 0; path = "MVVM Demo Application.app"; sourceTree = BUILT_PRODUCTS_DIR; };
		D0FBA213289671F20081711F /* AppDelegate.swift */ = {isa = PBXFileReference; lastKnownFileType = sourcecode.swift; path = AppDelegate.swift; sourceTree = "<group>"; };
		D0FBA215289671F20081711F /* SceneDelegate.swift */ = {isa = PBXFileReference; lastKnownFileType = sourcecode.swift; path = SceneDelegate.swift; sourceTree = "<group>"; };
		D0FBA21C289671F30081711F /* Assets.xcassets */ = {isa = PBXFileReference; lastKnownFileType = folder.assetcatalog; path = Assets.xcassets; sourceTree = "<group>"; };
		D0FBA21F289671F30081711F /* Base */ = {isa = PBXFileReference; lastKnownFileType = file.storyboard; name = Base; path = Base.lproj/LaunchScreen.storyboard; sourceTree = "<group>"; };
		D0FBA221289671F30081711F /* Info.plist */ = {isa = PBXFileReference; lastKnownFileType = text.plist.xml; path = Info.plist; sourceTree = "<group>"; };
		D0FBA228289673840081711F /* Coordinator.swift */ = {isa = PBXFileReference; lastKnownFileType = sourcecode.swift; path = Coordinator.swift; sourceTree = "<group>"; };
		D0FBA22A289673B20081711F /* MainCoordinator.swift */ = {isa = PBXFileReference; lastKnownFileType = sourcecode.swift; path = MainCoordinator.swift; sourceTree = "<group>"; };
		D0FBA22C289674160081711F /* Nibable.swift */ = {isa = PBXFileReference; lastKnownFileType = sourcecode.swift; path = Nibable.swift; sourceTree = "<group>"; };
		D0FBA22E2896752B0081711F /* StartViewController.swift */ = {isa = PBXFileReference; lastKnownFileType = sourcecode.swift; path = StartViewController.swift; sourceTree = "<group>"; };
		D0FBA22F2896752B0081711F /* StartViewController.xib */ = {isa = PBXFileReference; lastKnownFileType = file.xib; path = StartViewController.xib; sourceTree = "<group>"; };
		D0FBA23628967C390081711F /* StartViewModel.swift */ = {isa = PBXFileReference; lastKnownFileType = sourcecode.swift; path = StartViewModel.swift; sourceTree = "<group>"; };
		D0FBA23A289681630081711F /* ViewModel.swift */ = {isa = PBXFileReference; lastKnownFileType = sourcecode.swift; path = ViewModel.swift; sourceTree = "<group>"; };
		D0FBA23C289686730081711F /* ViewModelable.swift */ = {isa = PBXFileReference; lastKnownFileType = sourcecode.swift; path = ViewModelable.swift; sourceTree = "<group>"; };
		D0FBA24A289698B20081711F /* ListTableViewController.swift */ = {isa = PBXFileReference; lastKnownFileType = sourcecode.swift; path = ListTableViewController.swift; sourceTree = "<group>"; };
		D0FBA24D2896A3230081711F /* LabelTableViewCell.swift */ = {isa = PBXFileReference; lastKnownFileType = sourcecode.swift; path = LabelTableViewCell.swift; sourceTree = "<group>"; };
		D0FBA24E2896A3230081711F /* LabelTableViewCell.xib */ = {isa = PBXFileReference; lastKnownFileType = file.xib; path = LabelTableViewCell.xib; sourceTree = "<group>"; };
		D0FBA2512896A4CC0081711F /* ListViewModel.swift */ = {isa = PBXFileReference; lastKnownFileType = sourcecode.swift; path = ListViewModel.swift; sourceTree = "<group>"; };
		D0FBA2532896A7CA0081711F /* Reusable.swift */ = {isa = PBXFileReference; lastKnownFileType = sourcecode.swift; path = Reusable.swift; sourceTree = "<group>"; };
		D0FBA2572896B2AE0081711F /* NumberModel.swift */ = {isa = PBXFileReference; lastKnownFileType = sourcecode.swift; path = NumberModel.swift; sourceTree = "<group>"; };
		D0FBA25A2896B8DE0081711F /* TextSubmitHeaderFooterView.swift */ = {isa = PBXFileReference; lastKnownFileType = sourcecode.swift; path = TextSubmitHeaderFooterView.swift; sourceTree = "<group>"; };
		D0FBA25C2896B90E0081711F /* TextSubmitHeaderFooterView.xib */ = {isa = PBXFileReference; lastKnownFileType = file.xib; path = TextSubmitHeaderFooterView.xib; sourceTree = "<group>"; };
/* End PBXFileReference section */

/* Begin PBXFrameworksBuildPhase section */
		D0FBA20D289671F20081711F /* Frameworks */ = {
			isa = PBXFrameworksBuildPhase;
			buildActionMask = 2147483647;
			files = (
				CBCE08BC467A6F45EF28B95B /* Pods_MVVM_Demo_Application.framework in Frameworks */,
			);
			runOnlyForDeploymentPostprocessing = 0;
		};
/* End PBXFrameworksBuildPhase section */

/* Begin PBXGroup section */
		A58B2C63EDC2D217AF2FD098 /* Frameworks */ = {
			isa = PBXGroup;
			children = (
				221443E0C03A2475FDA28858 /* Pods_MVVM_Demo_Application.framework */,
			);
			name = Frameworks;
			sourceTree = "<group>";
		};
		ACBF7F8FE1A634203C72B45B /* Pods */ = {
			isa = PBXGroup;
			children = (
				C0D252630386BEAD44828237 /* Pods-MVVM Demo Application.debug.xcconfig */,
				5DD7BBB6304B8F2305EA2422 /* Pods-MVVM Demo Application.release.xcconfig */,
			);
			path = Pods;
			sourceTree = "<group>";
		};
		D02C54FF289FA9C700647B7E /* Images */ = {
			isa = PBXGroup;
			children = (
				D02C5512289FAA7100647B7E /* ViewControllers */,
				D02C5513289FAA7A00647B7E /* ViewModels */,
				D02C5504289FA9F500647B7E /* Views */,
				D02C550A289FAA2900647B7E /* Models */,
			);
			path = Images;
			sourceTree = "<group>";
		};
		D02C5504289FA9F500647B7E /* Views */ = {
			isa = PBXGroup;
			children = (
				D02C5505289FAA0600647B7E /* ImageCollectionViewCell */,
			);
			path = Views;
			sourceTree = "<group>";
		};
		D02C5505289FAA0600647B7E /* ImageCollectionViewCell */ = {
			isa = PBXGroup;
			children = (
				D02C5506289FAA1900647B7E /* ImageCollectionViewCell.swift */,
				D02C5507289FAA1900647B7E /* ImageCollectionViewCell.xib */,
			);
			path = ImageCollectionViewCell;
			sourceTree = "<group>";
		};
		D02C550A289FAA2900647B7E /* Models */ = {
			isa = PBXGroup;
			children = (
				D02C550B289FAA3500647B7E /* ImageModel.swift */,
			);
			path = Models;
			sourceTree = "<group>";
		};
		D02C5512289FAA7100647B7E /* ViewControllers */ = {
			isa = PBXGroup;
			children = (
				D02C550F289FAA5400647B7E /* ImagesCollectionViewController.swift */,
			);
			path = ViewControllers;
			sourceTree = "<group>";
		};
		D02C5513289FAA7A00647B7E /* ViewModels */ = {
			isa = PBXGroup;
			children = (
				D02C550D289FAA5100647B7E /* ImagesViewModel.swift */,
			);
			path = ViewModels;
			sourceTree = "<group>";
		};
		D02CB6F828A1075900CD77BE /* Services */ = {
			isa = PBXGroup;
			children = (
				D02CB6FB28A1078300CD77BE /* Cities */,
			);
			path = Services;
			sourceTree = "<group>";
		};
		D02CB6FB28A1078300CD77BE /* Cities */ = {
			isa = PBXGroup;
			children = (
				D02CB6FC28A1079C00CD77BE /* CitiesService.swift */,
			);
			path = Cities;
			sourceTree = "<group>";
		};
		D041C8A0289FE6260020D728 /* Enums */ = {
			isa = PBXGroup;
			children = (
				D041C8A1289FE6340020D728 /* ListType.swift */,
			);
			path = Enums;
			sourceTree = "<group>";
		};
		D0B1ECDF2897EBB4003156D6 /* Views */ = {
			isa = PBXGroup;
			children = (
				D0B1ECDD2897EBA9003156D6 /* PressAnimationButton.swift */,
			);
			path = Views;
			sourceTree = "<group>";
		};
		D0FBA207289671F20081711F = {
			isa = PBXGroup;
			children = (
				D0FBA212289671F20081711F /* MVVM Demo Application */,
				D0FBA211289671F20081711F /* Products */,
				ACBF7F8FE1A634203C72B45B /* Pods */,
				A58B2C63EDC2D217AF2FD098 /* Frameworks */,
			);
			sourceTree = "<group>";
		};
		D0FBA211289671F20081711F /* Products */ = {
			isa = PBXGroup;
			children = (
				D0FBA210289671F20081711F /* MVVM Demo Application.app */,
			);
			name = Products;
			sourceTree = "<group>";
		};
		D0FBA212289671F20081711F /* MVVM Demo Application */ = {
			isa = PBXGroup;
			children = (
				D0FBA213289671F20081711F /* AppDelegate.swift */,
				D0FBA215289671F20081711F /* SceneDelegate.swift */,
				D0B620AB289EFB25005F7E24 /* UIColorExtension.swift */,
				D0FBA23E28968AC20081711F /* Protocols */,
				D0FBA227289673550081711F /* Coordinators */,
				D0FBA232289675460081711F /* Modules */,
				D0FBA21C289671F30081711F /* Assets.xcassets */,
				D0FBA21E289671F30081711F /* LaunchScreen.storyboard */,
				D0FBA221289671F30081711F /* Info.plist */,
			);
			path = "MVVM Demo Application";
			sourceTree = "<group>";
		};
		D0FBA227289673550081711F /* Coordinators */ = {
			isa = PBXGroup;
			children = (
				D0FBA228289673840081711F /* Coordinator.swift */,
				D0FBA22A289673B20081711F /* MainCoordinator.swift */,
			);
			path = Coordinators;
			sourceTree = "<group>";
		};
		D0FBA232289675460081711F /* Modules */ = {
			isa = PBXGroup;
			children = (
				D0FBA2332896755B0081711F /* Start */,
				D0FBA23F289690490081711F /* List */,
				D02C54FF289FA9C700647B7E /* Images */,
			);
			path = Modules;
			sourceTree = "<group>";
		};
		D0FBA2332896755B0081711F /* Start */ = {
			isa = PBXGroup;
			children = (
				D0FBA2342896756F0081711F /* ViewControllers */,
				D0FBA23528967C240081711F /* ViewModels */,
				D0B1ECDF2897EBB4003156D6 /* Views */,
			);
			path = Start;
			sourceTree = "<group>";
		};
		D0FBA2342896756F0081711F /* ViewControllers */ = {
			isa = PBXGroup;
			children = (
				D0FBA22E2896752B0081711F /* StartViewController.swift */,
				D0FBA22F2896752B0081711F /* StartViewController.xib */,
			);
			path = ViewControllers;
			sourceTree = "<group>";
		};
		D0FBA23528967C240081711F /* ViewModels */ = {
			isa = PBXGroup;
			children = (
				D0FBA23628967C390081711F /* StartViewModel.swift */,
			);
			path = ViewModels;
			sourceTree = "<group>";
		};
		D0FBA23E28968AC20081711F /* Protocols */ = {
			isa = PBXGroup;
			children = (
				D0FBA23C289686730081711F /* ViewModelable.swift */,
				D0FBA23A289681630081711F /* ViewModel.swift */,
				D041C89B289FDF850020D728 /* Model.swift */,
				D02CB6F028A1067F00CD77BE /* Service.swift */,
				D0FBA22C289674160081711F /* Nibable.swift */,
				D0FBA2532896A7CA0081711F /* Reusable.swift */,
			);
			path = Protocols;
			sourceTree = "<group>";
		};
		D0FBA23F289690490081711F /* List */ = {
			isa = PBXGroup;
			children = (
				D0FBA2402896905A0081711F /* ViewControllers */,
				D0FBA241289690640081711F /* ViewModels */,
				D0FBA24C28969A690081711F /* Views */,
				D0FBA2562896B2960081711F /* Models */,
				D02CB6F828A1075900CD77BE /* Services */,
				D041C8A0289FE6260020D728 /* Enums */,
			);
			path = List;
			sourceTree = "<group>";
		};
		D0FBA2402896905A0081711F /* ViewControllers */ = {
			isa = PBXGroup;
			children = (
				D0FBA24A289698B20081711F /* ListTableViewController.swift */,
			);
			path = ViewControllers;
			sourceTree = "<group>";
		};
		D0FBA241289690640081711F /* ViewModels */ = {
			isa = PBXGroup;
			children = (
				D0FBA2512896A4CC0081711F /* ListViewModel.swift */,
			);
			path = ViewModels;
			sourceTree = "<group>";
		};
		D0FBA24C28969A690081711F /* Views */ = {
			isa = PBXGroup;
			children = (
				D0FBA2592896B8610081711F /* TextSubmitTableViewHeader */,
				D0FBA2552896B1EE0081711F /* LabelTableViewCell */,
			);
			path = Views;
			sourceTree = "<group>";
		};
		D0FBA2552896B1EE0081711F /* LabelTableViewCell */ = {
			isa = PBXGroup;
			children = (
				D0FBA24D2896A3230081711F /* LabelTableViewCell.swift */,
				D0FBA24E2896A3230081711F /* LabelTableViewCell.xib */,
			);
			path = LabelTableViewCell;
			sourceTree = "<group>";
		};
		D0FBA2562896B2960081711F /* Models */ = {
			isa = PBXGroup;
			children = (
				D0FBA2572896B2AE0081711F /* NumberModel.swift */,
				D02CB6F628A1071F00CD77BE /* CityModel.swift */,
			);
			path = Models;
			sourceTree = "<group>";
		};
		D0FBA2592896B8610081711F /* TextSubmitTableViewHeader */ = {
			isa = PBXGroup;
			children = (
				D0FBA25A2896B8DE0081711F /* TextSubmitHeaderFooterView.swift */,
				D0FBA25C2896B90E0081711F /* TextSubmitHeaderFooterView.xib */,
			);
			path = TextSubmitTableViewHeader;
			sourceTree = "<group>";
		};
/* End PBXGroup section */

/* Begin PBXNativeTarget section */
		D0FBA20F289671F20081711F /* MVVM Demo Application */ = {
			isa = PBXNativeTarget;
			buildConfigurationList = D0FBA224289671F30081711F /* Build configuration list for PBXNativeTarget "MVVM Demo Application" */;
			buildPhases = (
				EEAB8001CEB0C5421013F9B2 /* [CP] Check Pods Manifest.lock */,
				D0FBA20C289671F20081711F /* Sources */,
				D0FBA20D289671F20081711F /* Frameworks */,
				D0FBA20E289671F20081711F /* Resources */,
				1F774E61758CC3A0E4576C88 /* [CP] Embed Pods Frameworks */,
			);
			buildRules = (
			);
			dependencies = (
			);
			name = "MVVM Demo Application";
			productName = "MVVM Demo Application";
			productReference = D0FBA210289671F20081711F /* MVVM Demo Application.app */;
			productType = "com.apple.product-type.application";
		};
/* End PBXNativeTarget section */

/* Begin PBXProject section */
		D0FBA208289671F20081711F /* Project object */ = {
			isa = PBXProject;
			attributes = {
				BuildIndependentTargetsInParallel = 1;
				LastSwiftUpdateCheck = 1340;
				LastUpgradeCheck = 1340;
				TargetAttributes = {
					D0FBA20F289671F20081711F = {
						CreatedOnToolsVersion = 13.4.1;
					};
				};
			};
			buildConfigurationList = D0FBA20B289671F20081711F /* Build configuration list for PBXProject "MVVM Demo Application" */;
			compatibilityVersion = "Xcode 13.0";
			developmentRegion = en;
			hasScannedForEncodings = 0;
			knownRegions = (
				en,
				Base,
			);
			mainGroup = D0FBA207289671F20081711F;
			productRefGroup = D0FBA211289671F20081711F /* Products */;
			projectDirPath = "";
			projectRoot = "";
			targets = (
				D0FBA20F289671F20081711F /* MVVM Demo Application */,
			);
		};
/* End PBXProject section */

/* Begin PBXResourcesBuildPhase section */
		D0FBA20E289671F20081711F /* Resources */ = {
			isa = PBXResourcesBuildPhase;
			buildActionMask = 2147483647;
			files = (
				D0FBA2502896A3230081711F /* LabelTableViewCell.xib in Resources */,
				D0FBA220289671F30081711F /* LaunchScreen.storyboard in Resources */,
				D0FBA21D289671F30081711F /* Assets.xcassets in Resources */,
				D0FBA25D2896B90E0081711F /* TextSubmitHeaderFooterView.xib in Resources */,
				D0FBA2312896752B0081711F /* StartViewController.xib in Resources */,
				D02C5509289FAA1900647B7E /* ImageCollectionViewCell.xib in Resources */,
			);
			runOnlyForDeploymentPostprocessing = 0;
		};
/* End PBXResourcesBuildPhase section */

/* Begin PBXShellScriptBuildPhase section */
		1F774E61758CC3A0E4576C88 /* [CP] Embed Pods Frameworks */ = {
			isa = PBXShellScriptBuildPhase;
			buildActionMask = 2147483647;
			files = (
			);
			inputFileListPaths = (
				"${PODS_ROOT}/Target Support Files/Pods-MVVM Demo Application/Pods-MVVM Demo Application-frameworks-${CONFIGURATION}-input-files.xcfilelist",
			);
			name = "[CP] Embed Pods Frameworks";
			outputFileListPaths = (
				"${PODS_ROOT}/Target Support Files/Pods-MVVM Demo Application/Pods-MVVM Demo Application-frameworks-${CONFIGURATION}-output-files.xcfilelist",
			);
			runOnlyForDeploymentPostprocessing = 0;
			shellPath = /bin/sh;
			shellScript = "\"${PODS_ROOT}/Target Support Files/Pods-MVVM Demo Application/Pods-MVVM Demo Application-frameworks.sh\"\n";
			showEnvVarsInLog = 0;
		};
		EEAB8001CEB0C5421013F9B2 /* [CP] Check Pods Manifest.lock */ = {
			isa = PBXShellScriptBuildPhase;
			buildActionMask = 2147483647;
			files = (
			);
			inputFileListPaths = (
			);
			inputPaths = (
				"${PODS_PODFILE_DIR_PATH}/Podfile.lock",
				"${PODS_ROOT}/Manifest.lock",
			);
			name = "[CP] Check Pods Manifest.lock";
			outputFileListPaths = (
			);
			outputPaths = (
				"$(DERIVED_FILE_DIR)/Pods-MVVM Demo Application-checkManifestLockResult.txt",
			);
			runOnlyForDeploymentPostprocessing = 0;
			shellPath = /bin/sh;
			shellScript = "diff \"${PODS_PODFILE_DIR_PATH}/Podfile.lock\" \"${PODS_ROOT}/Manifest.lock\" > /dev/null\nif [ $? != 0 ] ; then\n    # print error to STDERR\n    echo \"error: The sandbox is not in sync with the Podfile.lock. Run 'pod install' or update your CocoaPods installation.\" >&2\n    exit 1\nfi\n# This output is used by Xcode 'outputs' to avoid re-running this script phase.\necho \"SUCCESS\" > \"${SCRIPT_OUTPUT_FILE_0}\"\n";
			showEnvVarsInLog = 0;
		};
/* End PBXShellScriptBuildPhase section */

/* Begin PBXSourcesBuildPhase section */
		D0FBA20C289671F20081711F /* Sources */ = {
			isa = PBXSourcesBuildPhase;
			buildActionMask = 2147483647;
			files = (
				D0B620AC289EFB25005F7E24 /* UIColorExtension.swift in Sources */,
				D0FBA2582896B2AE0081711F /* NumberModel.swift in Sources */,
				D0FBA23728967C390081711F /* StartViewModel.swift in Sources */,
				D0FBA25B2896B8DE0081711F /* TextSubmitHeaderFooterView.swift in Sources */,
				D02C5510289FAA5400647B7E /* ImagesCollectionViewController.swift in Sources */,
				D0FBA229289673840081711F /* Coordinator.swift in Sources */,
				D0FBA24B289698B20081711F /* ListTableViewController.swift in Sources */,
				D02C5508289FAA1900647B7E /* ImageCollectionViewCell.swift in Sources */,
				D0FBA214289671F20081711F /* AppDelegate.swift in Sources */,
				D0FBA23D289686730081711F /* ViewModelable.swift in Sources */,
				D02CB6F728A1071F00CD77BE /* CityModel.swift in Sources */,
				D0FBA22D289674160081711F /* Nibable.swift in Sources */,
				D0FBA2542896A7CA0081711F /* Reusable.swift in Sources */,
				D0FBA22B289673B20081711F /* MainCoordinator.swift in Sources */,
				D02CB6FD28A1079C00CD77BE /* CitiesService.swift in Sources */,
				D0FBA216289671F20081711F /* SceneDelegate.swift in Sources */,
				D0FBA23B289681630081711F /* ViewModel.swift in Sources */,
				D0FBA2522896A4CC0081711F /* ListViewModel.swift in Sources */,
				D0FBA24F2896A3230081711F /* LabelTableViewCell.swift in Sources */,
				D02CB6F128A1067F00CD77BE /* Service.swift in Sources */,
				D041C8A2289FE6340020D728 /* ListType.swift in Sources */,
				D0B1ECDE2897EBA9003156D6 /* PressAnimationButton.swift in Sources */,
				D0FBA2302896752B0081711F /* StartViewController.swift in Sources */,
				D041C89C289FDF850020D728 /* Model.swift in Sources */,
				D02C550E289FAA5100647B7E /* ImagesViewModel.swift in Sources */,
				D02C550C289FAA3500647B7E /* ImageModel.swift in Sources */,
			);
			runOnlyForDeploymentPostprocessing = 0;
		};
/* End PBXSourcesBuildPhase section */

/* Begin PBXVariantGroup section */
		D0FBA21E289671F30081711F /* LaunchScreen.storyboard */ = {
			isa = PBXVariantGroup;
			children = (
				D0FBA21F289671F30081711F /* Base */,
			);
			name = LaunchScreen.storyboard;
			sourceTree = "<group>";
		};
/* End PBXVariantGroup section */

/* Begin XCBuildConfiguration section */
		D0FBA222289671F30081711F /* Debug */ = {
			isa = XCBuildConfiguration;
			buildSettings = {
				ALWAYS_SEARCH_USER_PATHS = NO;
				CLANG_ANALYZER_NONNULL = YES;
				CLANG_ANALYZER_NUMBER_OBJECT_CONVERSION = YES_AGGRESSIVE;
				CLANG_CXX_LANGUAGE_STANDARD = "gnu++17";
				CLANG_ENABLE_MODULES = YES;
				CLANG_ENABLE_OBJC_ARC = YES;
				CLANG_ENABLE_OBJC_WEAK = YES;
				CLANG_WARN_BLOCK_CAPTURE_AUTORELEASING = YES;
				CLANG_WARN_BOOL_CONVERSION = YES;
				CLANG_WARN_COMMA = YES;
				CLANG_WARN_CONSTANT_CONVERSION = YES;
				CLANG_WARN_DEPRECATED_OBJC_IMPLEMENTATIONS = YES;
				CLANG_WARN_DIRECT_OBJC_ISA_USAGE = YES_ERROR;
				CLANG_WARN_DOCUMENTATION_COMMENTS = YES;
				CLANG_WARN_EMPTY_BODY = YES;
				CLANG_WARN_ENUM_CONVERSION = YES;
				CLANG_WARN_INFINITE_RECURSION = YES;
				CLANG_WARN_INT_CONVERSION = YES;
				CLANG_WARN_NON_LITERAL_NULL_CONVERSION = YES;
				CLANG_WARN_OBJC_IMPLICIT_RETAIN_SELF = YES;
				CLANG_WARN_OBJC_LITERAL_CONVERSION = YES;
				CLANG_WARN_OBJC_ROOT_CLASS = YES_ERROR;
				CLANG_WARN_QUOTED_INCLUDE_IN_FRAMEWORK_HEADER = YES;
				CLANG_WARN_RANGE_LOOP_ANALYSIS = YES;
				CLANG_WARN_STRICT_PROTOTYPES = YES;
				CLANG_WARN_SUSPICIOUS_MOVE = YES;
				CLANG_WARN_UNGUARDED_AVAILABILITY = YES_AGGRESSIVE;
				CLANG_WARN_UNREACHABLE_CODE = YES;
				CLANG_WARN__DUPLICATE_METHOD_MATCH = YES;
				COPY_PHASE_STRIP = NO;
				DEBUG_INFORMATION_FORMAT = dwarf;
				ENABLE_STRICT_OBJC_MSGSEND = YES;
				ENABLE_TESTABILITY = YES;
				GCC_C_LANGUAGE_STANDARD = gnu11;
				GCC_DYNAMIC_NO_PIC = NO;
				GCC_NO_COMMON_BLOCKS = YES;
				GCC_OPTIMIZATION_LEVEL = 0;
				GCC_PREPROCESSOR_DEFINITIONS = (
					"DEBUG=1",
					"$(inherited)",
				);
				GCC_WARN_64_TO_32_BIT_CONVERSION = YES;
				GCC_WARN_ABOUT_RETURN_TYPE = YES_ERROR;
				GCC_WARN_UNDECLARED_SELECTOR = YES;
				GCC_WARN_UNINITIALIZED_AUTOS = YES_AGGRESSIVE;
				GCC_WARN_UNUSED_FUNCTION = YES;
				GCC_WARN_UNUSED_VARIABLE = YES;
				IPHONEOS_DEPLOYMENT_TARGET = 15.5;
				MTL_ENABLE_DEBUG_INFO = INCLUDE_SOURCE;
				MTL_FAST_MATH = YES;
				ONLY_ACTIVE_ARCH = YES;
				SDKROOT = iphoneos;
				SWIFT_ACTIVE_COMPILATION_CONDITIONS = DEBUG;
				SWIFT_OPTIMIZATION_LEVEL = "-Onone";
			};
			name = Debug;
		};
		D0FBA223289671F30081711F /* Release */ = {
			isa = XCBuildConfiguration;
			buildSettings = {
				ALWAYS_SEARCH_USER_PATHS = NO;
				CLANG_ANALYZER_NONNULL = YES;
				CLANG_ANALYZER_NUMBER_OBJECT_CONVERSION = YES_AGGRESSIVE;
				CLANG_CXX_LANGUAGE_STANDARD = "gnu++17";
				CLANG_ENABLE_MODULES = YES;
				CLANG_ENABLE_OBJC_ARC = YES;
				CLANG_ENABLE_OBJC_WEAK = YES;
				CLANG_WARN_BLOCK_CAPTURE_AUTORELEASING = YES;
				CLANG_WARN_BOOL_CONVERSION = YES;
				CLANG_WARN_COMMA = YES;
				CLANG_WARN_CONSTANT_CONVERSION = YES;
				CLANG_WARN_DEPRECATED_OBJC_IMPLEMENTATIONS = YES;
				CLANG_WARN_DIRECT_OBJC_ISA_USAGE = YES_ERROR;
				CLANG_WARN_DOCUMENTATION_COMMENTS = YES;
				CLANG_WARN_EMPTY_BODY = YES;
				CLANG_WARN_ENUM_CONVERSION = YES;
				CLANG_WARN_INFINITE_RECURSION = YES;
				CLANG_WARN_INT_CONVERSION = YES;
				CLANG_WARN_NON_LITERAL_NULL_CONVERSION = YES;
				CLANG_WARN_OBJC_IMPLICIT_RETAIN_SELF = YES;
				CLANG_WARN_OBJC_LITERAL_CONVERSION = YES;
				CLANG_WARN_OBJC_ROOT_CLASS = YES_ERROR;
				CLANG_WARN_QUOTED_INCLUDE_IN_FRAMEWORK_HEADER = YES;
				CLANG_WARN_RANGE_LOOP_ANALYSIS = YES;
				CLANG_WARN_STRICT_PROTOTYPES = YES;
				CLANG_WARN_SUSPICIOUS_MOVE = YES;
				CLANG_WARN_UNGUARDED_AVAILABILITY = YES_AGGRESSIVE;
				CLANG_WARN_UNREACHABLE_CODE = YES;
				CLANG_WARN__DUPLICATE_METHOD_MATCH = YES;
				COPY_PHASE_STRIP = NO;
				DEBUG_INFORMATION_FORMAT = "dwarf-with-dsym";
				ENABLE_NS_ASSERTIONS = NO;
				ENABLE_STRICT_OBJC_MSGSEND = YES;
				GCC_C_LANGUAGE_STANDARD = gnu11;
				GCC_NO_COMMON_BLOCKS = YES;
				GCC_WARN_64_TO_32_BIT_CONVERSION = YES;
				GCC_WARN_ABOUT_RETURN_TYPE = YES_ERROR;
				GCC_WARN_UNDECLARED_SELECTOR = YES;
				GCC_WARN_UNINITIALIZED_AUTOS = YES_AGGRESSIVE;
				GCC_WARN_UNUSED_FUNCTION = YES;
				GCC_WARN_UNUSED_VARIABLE = YES;
				IPHONEOS_DEPLOYMENT_TARGET = 15.5;
				MTL_ENABLE_DEBUG_INFO = NO;
				MTL_FAST_MATH = YES;
				SDKROOT = iphoneos;
				SWIFT_COMPILATION_MODE = wholemodule;
				SWIFT_OPTIMIZATION_LEVEL = "-O";
				VALIDATE_PRODUCT = YES;
			};
			name = Release;
		};
		D0FBA225289671F30081711F /* Debug */ = {
			isa = XCBuildConfiguration;
			baseConfigurationReference = C0D252630386BEAD44828237 /* Pods-MVVM Demo Application.debug.xcconfig */;
			buildSettings = {
				ASSETCATALOG_COMPILER_APPICON_NAME = AppIcon;
				ASSETCATALOG_COMPILER_GLOBAL_ACCENT_COLOR_NAME = AccentColor;
				CODE_SIGN_STYLE = Automatic;
				CURRENT_PROJECT_VERSION = 1;
				DEVELOPMENT_TEAM = DN5L59JK5M;
				GENERATE_INFOPLIST_FILE = YES;
				INFOPLIST_FILE = "MVVM Demo Application/Info.plist";
				INFOPLIST_KEY_UIApplicationSupportsIndirectInputEvents = YES;
				INFOPLIST_KEY_UILaunchStoryboardName = LaunchScreen;
				INFOPLIST_KEY_UISupportedInterfaceOrientations_iPad = "UIInterfaceOrientationPortrait UIInterfaceOrientationPortraitUpsideDown UIInterfaceOrientationLandscapeLeft UIInterfaceOrientationLandscapeRight";
				INFOPLIST_KEY_UISupportedInterfaceOrientations_iPhone = "UIInterfaceOrientationPortrait UIInterfaceOrientationLandscapeLeft UIInterfaceOrientationLandscapeRight";
				LD_RUNPATH_SEARCH_PATHS = (
					"$(inherited)",
					"@executable_path/Frameworks",
				);
				MARKETING_VERSION = 1.0;
				PRODUCT_BUNDLE_IDENTIFIER = "com.asaf.MVVM-Demo-Application";
				PRODUCT_NAME = "$(TARGET_NAME)";
				SWIFT_EMIT_LOC_STRINGS = YES;
				SWIFT_VERSION = 5.0;
				TARGETED_DEVICE_FAMILY = "1,2";
			};
			name = Debug;
		};
		D0FBA226289671F30081711F /* Release */ = {
			isa = XCBuildConfiguration;
			baseConfigurationReference = 5DD7BBB6304B8F2305EA2422 /* Pods-MVVM Demo Application.release.xcconfig */;
			buildSettings = {
				ASSETCATALOG_COMPILER_APPICON_NAME = AppIcon;
				ASSETCATALOG_COMPILER_GLOBAL_ACCENT_COLOR_NAME = AccentColor;
				CODE_SIGN_STYLE = Automatic;
				CURRENT_PROJECT_VERSION = 1;
				DEVELOPMENT_TEAM = DN5L59JK5M;
				GENERATE_INFOPLIST_FILE = YES;
				INFOPLIST_FILE = "MVVM Demo Application/Info.plist";
				INFOPLIST_KEY_UIApplicationSupportsIndirectInputEvents = YES;
				INFOPLIST_KEY_UILaunchStoryboardName = LaunchScreen;
				INFOPLIST_KEY_UISupportedInterfaceOrientations_iPad = "UIInterfaceOrientationPortrait UIInterfaceOrientationPortraitUpsideDown UIInterfaceOrientationLandscapeLeft UIInterfaceOrientationLandscapeRight";
				INFOPLIST_KEY_UISupportedInterfaceOrientations_iPhone = "UIInterfaceOrientationPortrait UIInterfaceOrientationLandscapeLeft UIInterfaceOrientationLandscapeRight";
				LD_RUNPATH_SEARCH_PATHS = (
					"$(inherited)",
					"@executable_path/Frameworks",
				);
				MARKETING_VERSION = 1.0;
				PRODUCT_BUNDLE_IDENTIFIER = "com.asaf.MVVM-Demo-Application";
				PRODUCT_NAME = "$(TARGET_NAME)";
				SWIFT_EMIT_LOC_STRINGS = YES;
				SWIFT_VERSION = 5.0;
				TARGETED_DEVICE_FAMILY = "1,2";
			};
			name = Release;
		};
/* End XCBuildConfiguration section */

/* Begin XCConfigurationList section */
		D0FBA20B289671F20081711F /* Build configuration list for PBXProject "MVVM Demo Application" */ = {
			isa = XCConfigurationList;
			buildConfigurations = (
				D0FBA222289671F30081711F /* Debug */,
				D0FBA223289671F30081711F /* Release */,
			);
			defaultConfigurationIsVisible = 0;
			defaultConfigurationName = Release;
		};
		D0FBA224289671F30081711F /* Build configuration list for PBXNativeTarget "MVVM Demo Application" */ = {
			isa = XCConfigurationList;
			buildConfigurations = (
				D0FBA225289671F30081711F /* Debug */,
				D0FBA226289671F30081711F /* Release */,
			);
			defaultConfigurationIsVisible = 0;
			defaultConfigurationName = Release;
		};
/* End XCConfigurationList section */
	};
	rootObject = D0FBA208289671F20081711F /* Project object */;
}
